
Microsoft Visual Studio Solution File, Format Version 12.00
# Visual Studio Version 17
VisualStudioVersion = 17.6.33829.357
MinimumVisualStudioVersion = 10.0.40219.1
Project("{FAE04EC0-301F-11D3-BF4B-00C04F79EFBC}") = "HumanCapital", "HumanCapital.csproj", "{6E73F15D-E02F-4ED7-850B-C11C44A862FE}"
EndProject
Global
	GlobalSection(SolutionConfigurationPlatforms) = preSolution
		Debug|Any CPU = Debug|Any CPU
		Release|Any CPU = Release|Any CPU
	EndGlobalSection
	GlobalSection(ProjectConfigurationPlatforms) = postSolution
		{6E73F15D-E02F-4ED7-850B-C11C44A862FE}.Debug|Any CPU.ActiveCfg = Debug|Any CPU
		{6E73F15D-E02F-4ED7-850B-C11C44A862FE}.Debug|Any CPU.Build.0 = Debug|Any CPU
		{6E73F15D-E02F-4ED7-850B-C11C44A862FE}.Release|Any CPU.ActiveCfg = Release|Any CPU
		{6E73F15D-E02F-4ED7-850B-C11C44A862FE}.Release|Any CPU.Build.0 = Release|Any CPU
	EndGlobalSection
	GlobalSection(SolutionProperties) = preSolution
		HideSolutionNode = FALSE
	EndGlobalSection
	GlobalSection(ExtensibilityGlobals) = postSolution
		SolutionGuid = {54A6A568-5294-4E21-8973-6BEE32CB48F9}
	EndGlobalSection
EndGlobal
